// !$*UTF8*$!
{
	archiveVersion = 1;
	classes = {
	};
	objectVersion = 77;
	objects = {

/* Begin PBXContainerItemProxy section */
		750B79062DBCF0EA00D280CA /* PBXContainerItemProxy */ = {
			isa = PBXContainerItemProxy;
			containerPortal = 750B78E42DBCF0E700D280CA /* Project object */;
			proxyType = 1;
			remoteGlobalIDString = 750B78EB2DBCF0E700D280CA;
			remoteInfo = ImageSwipeNeoSoftUIKit;
		};
		750B79102DBCF0EA00D280CA /* PBXContainerItemProxy */ = {
			isa = PBXContainerItemProxy;
			containerPortal = 750B78E42DBCF0E700D280CA /* Project object */;
			proxyType = 1;
			remoteGlobalIDString = 750B78EB2DBCF0E700D280CA;
			remoteInfo = ImageSwipeNeoSoftUIKit;
		};
/* End PBXContainerItemProxy section */

/* Begin PBXFileReference section */
		750B78EC2DBCF0E700D280CA /* ImageSwipeNeoSoftUIKit.app */ = {isa = PBXFileReference; explicitFileType = wrapper.application; includeInIndex = 0; path = ImageSwipeNeoSoftUIKit.app; sourceTree = BUILT_PRODUCTS_DIR; };
		750B79052DBCF0EA00D280CA /* ImageSwipeNeoSoftUIKitTests.xctest */ = {isa = PBXFileReference; explicitFileType = wrapper.cfbundle; includeInIndex = 0; path = ImageSwipeNeoSoftUIKitTests.xctest; sourceTree = BUILT_PRODUCTS_DIR; };
		750B790F2DBCF0EA00D280CA /* ImageSwipeNeoSoftUIKitUITests.xctest */ = {isa = PBXFileReference; explicitFileType = wrapper.cfbundle; includeInIndex = 0; path = ImageSwipeNeoSoftUIKitUITests.xctest; sourceTree = BUILT_PRODUCTS_DIR; };
/* End PBXFileReference section */

/* Begin PBXFileSystemSynchronizedBuildFileExceptionSet section */
		750B79172DBCF0EA00D280CA /* Exceptions for "ImageSwipeNeoSoftUIKit" folder in "ImageSwipeNeoSoftUIKit" target */ = {
			isa = PBXFileSystemSynchronizedBuildFileExceptionSet;
			membershipExceptions = (
				Info.plist,
			);
			target = 750B78EB2DBCF0E700D280CA /* ImageSwipeNeoSoftUIKit */;
		};
/* End PBXFileSystemSynchronizedBuildFileExceptionSet section */

/* Begin PBXFileSystemSynchronizedRootGroup section */
		750B78EE2DBCF0E700D280CA /* ImageSwipeNeoSoftUIKit */ = {
			isa = PBXFileSystemSynchronizedRootGroup;
			exceptions = (
				750B79172DBCF0EA00D280CA /* Exceptions for "ImageSwipeNeoSoftUIKit" folder in "ImageSwipeNeoSoftUIKit" target */,
			);
			path = ImageSwipeNeoSoftUIKit;
			sourceTree = "<group>";
		};
		750B79082DBCF0EA00D280CA /* ImageSwipeNeoSoftUIKitTests */ = {
			isa = PBXFileSystemSynchronizedRootGroup;
			path = ImageSwipeNeoSoftUIKitTests;
			sourceTree = "<group>";
		};
		750B79122DBCF0EA00D280CA /* ImageSwipeNeoSoftUIKitUITests */ = {
			isa = PBXFileSystemSynchronizedRootGroup;
			path = ImageSwipeNeoSoftUIKitUITests;
			sourceTree = "<group>";
		};
/* End PBXFileSystemSynchronizedRootGroup section */

/* Begin PBXFrameworksBuildPhase section */
		750B78E92DBCF0E700D280CA /* Frameworks */ = {
			isa = PBXFrameworksBuildPhase;
			buildActionMask = 2147483647;
			files = (
			);
			runOnlyForDeploymentPostprocessing = 0;
		};
		750B79022DBCF0EA00D280CA /* Frameworks */ = {
			isa = PBXFrameworksBuildPhase;
			buildActionMask = 2147483647;
			files = (
			);
			runOnlyForDeploymentPostprocessing = 0;
		};
		750B790C2DBCF0EA00D280CA /* Frameworks */ = {
			isa = PBXFrameworksBuildPhase;
			buildActionMask = 2147483647;
			files = (
			);
			runOnlyForDeploymentPostprocessing = 0;
		};
/* End PBXFrameworksBuildPhase section */

/* Begin PBXGroup section */
		750B78E32DBCF0E700D280CA = {
			isa = PBXGroup;
			children = (
				750B78EE2DBCF0E700D280CA /* ImageSwipeNeoSoftUIKit */,
				750B79082DBCF0EA00D280CA /* ImageSwipeNeoSoftUIKitTests */,
				750B79122DBCF0EA00D280CA /* ImageSwipeNeoSoftUIKitUITests */,
				750B78ED2DBCF0E700D280CA /* Products */,
			);
			sourceTree = "<group>";
		};
		750B78ED2DBCF0E700D280CA /* Products */ = {
			isa = PBXGroup;
			children = (
				750B78EC2DBCF0E700D280CA /* ImageSwipeNeoSoftUIKit.app */,
				750B79052DBCF0EA00D280CA /* ImageSwipeNeoSoftUIKitTests.xctest */,
				750B790F2DBCF0EA00D280CA /* ImageSwipeNeoSoftUIKitUITests.xctest */,
			);
			name = Products;
			sourceTree = "<group>";
		};
/* End PBXGroup section */

/* Begin PBXNativeTarget section */
		750B78EB2DBCF0E700D280CA /* ImageSwipeNeoSoftUIKit */ = {
			isa = PBXNativeTarget;
			buildConfigurationList = 750B79182DBCF0EA00D280CA /* Build configuration list for PBXNativeTarget "ImageSwipeNeoSoftUIKit" */;
			buildPhases = (
				750B78E82DBCF0E700D280CA /* Sources */,
				750B78E92DBCF0E700D280CA /* Frameworks */,
				750B78EA2DBCF0E700D280CA /* Resources */,
			);
			buildRules = (
			);
			dependencies = (
			);
			fileSystemSynchronizedGroups = (
				750B78EE2DBCF0E700D280CA /* ImageSwipeNeoSoftUIKit */,
			);
			name = ImageSwipeNeoSoftUIKit;
			packageProductDependencies = (
			);
			productName = ImageSwipeNeoSoftUIKit;
			productReference = 750B78EC2DBCF0E700D280CA /* ImageSwipeNeoSoftUIKit.app */;
			productType = "com.apple.product-type.application";
		};
		750B79042DBCF0EA00D280CA /* ImageSwipeNeoSoftUIKitTests */ = {
			isa = PBXNativeTarget;
			buildConfigurationList = 750B791D2DBCF0EA00D280CA /* Build configuration list for PBXNativeTarget "ImageSwipeNeoSoftUIKitTests" */;
			buildPhases = (
				750B79012DBCF0EA00D280CA /* Sources */,
				750B79022DBCF0EA00D280CA /* Frameworks */,
				750B79032DBCF0EA00D280CA /* Resources */,
			);
			buildRules = (
			);
			dependencies = (
				750B79072DBCF0EA00D280CA /* PBXTargetDependency */,
			);
			fileSystemSynchronizedGroups = (
				750B79082DBCF0EA00D280CA /* ImageSwipeNeoSoftUIKitTests */,
			);
			name = ImageSwipeNeoSoftUIKitTests;
			packageProductDependencies = (
			);
			productName = ImageSwipeNeoSoftUIKitTests;
			productReference = 750B79052DBCF0EA00D280CA /* ImageSwipeNeoSoftUIKitTests.xctest */;
			productType = "com.apple.product-type.bundle.unit-test";
		};
		750B790E2DBCF0EA00D280CA /* ImageSwipeNeoSoftUIKitUITests */ = {
			isa = PBXNativeTarget;
			buildConfigurationList = 750B79202DBCF0EA00D280CA /* Build configuration list for PBXNativeTarget "ImageSwipeNeoSoftUIKitUITests" */;
			buildPhases = (
				750B790B2DBCF0EA00D280CA /* Sources */,
				750B790C2DBCF0EA00D280CA /* Frameworks */,
				750B790D2DBCF0EA00D280CA /* Resources */,
			);
			buildRules = (
			);
			dependencies = (
				750B79112DBCF0EA00D280CA /* PBXTargetDependency */,
			);
			fileSystemSynchronizedGroups = (
				750B79122DBCF0EA00D280CA /* ImageSwipeNeoSoftUIKitUITests */,
			);
			name = ImageSwipeNeoSoftUIKitUITests;
			packageProductDependencies = (
			);
			productName = ImageSwipeNeoSoftUIKitUITests;
			productReference = 750B790F2DBCF0EA00D280CA /* ImageSwipeNeoSoftUIKitUITests.xctest */;
			productType = "com.apple.product-type.bundle.ui-testing";
		};
/* End PBXNativeTarget section */

/* Begin PBXProject section */
		750B78E42DBCF0E700D280CA /* Project object */ = {
			isa = PBXProject;
			attributes = {
				BuildIndependentTargetsInParallel = 1;
				LastSwiftUpdateCheck = 1630;
				LastUpgradeCheck = 1630;
				TargetAttributes = {
					750B78EB2DBCF0E700D280CA = {
						CreatedOnToolsVersion = 16.3;
					};
					750B79042DBCF0EA00D280CA = {
						CreatedOnToolsVersion = 16.3;
						TestTargetID = 750B78EB2DBCF0E700D280CA;
					};
					750B790E2DBCF0EA00D280CA = {
						CreatedOnToolsVersion = 16.3;
						TestTargetID = 750B78EB2DBCF0E700D280CA;
					};
				};
			};
			buildConfigurationList = 750B78E72DBCF0E700D280CA /* Build configuration list for PBXProject "ImageSwipeNeoSoftUIKit" */;
			developmentRegion = en;
			hasScannedForEncodings = 0;
			knownRegions = (
				en,
				Base,
			);
			mainGroup = 750B78E32DBCF0E700D280CA;
			minimizedProjectReferenceProxies = 1;
			preferredProjectObjectVersion = 77;
			productRefGroup = 750B78ED2DBCF0E700D280CA /* Products */;
			projectDirPath = "";
			projectRoot = "";
			targets = (
				750B78EB2DBCF0E700D280CA /* ImageSwipeNeoSoftUIKit */,
				750B79042DBCF0EA00D280CA /* ImageSwipeNeoSoftUIKitTests */,
				750B790E2DBCF0EA00D280CA /* ImageSwipeNeoSoftUIKitUITests */,
			);
		};
/* End PBXProject section */

/* Begin PBXResourcesBuildPhase section */
		750B78EA2DBCF0E700D280CA /* Resources */ = {
			isa = PBXResourcesBuildPhase;
			buildActionMask = 2147483647;
			files = (
			);
			runOnlyForDeploymentPostprocessing = 0;
		};
		750B79032DBCF0EA00D280CA /* Resources */ = {
			isa = PBXResourcesBuildPhase;
			buildActionMask = 2147483647;
			files = (
			);
			runOnlyForDeploymentPostprocessing = 0;
		};
		750B790D2DBCF0EA00D280CA /* Resources */ = {
			isa = PBXResourcesBuildPhase;
			buildActionMask = 2147483647;
			files = (
			);
			runOnlyForDeploymentPostprocessing = 0;
		};
/* End PBXResourcesBuildPhase section */

/* Begin PBXSourcesBuildPhase section */
		750B78E82DBCF0E700D280CA /* Sources */ = {
			isa = PBXSourcesBuildPhase;
			buildActionMask = 2147483647;
			files = (
			);
			runOnlyForDeploymentPostprocessing = 0;
		};
		750B79012DBCF0EA00D280CA /* Sources */ = {
			isa = PBXSourcesBuildPhase;
			buildActionMask = 2147483647;
			files = (
			);
			runOnlyForDeploymentPostprocessing = 0;
		};
		750B790B2DBCF0EA00D280CA /* Sources */ = {
			isa = PBXSourcesBuildPhase;
			buildActionMask = 2147483647;
			files = (
			);
			runOnlyForDeploymentPostprocessing = 0;
		};
/* End PBXSourcesBuildPhase section */

/* Begin PBXTargetDependency section */
		750B79072DBCF0EA00D280CA /* PBXTargetDependency */ = {
			isa = PBXTargetDependency;
			target = 750B78EB2DBCF0E700D280CA /* ImageSwipeNeoSoftUIKit */;
			targetProxy = 750B79062DBCF0EA00D280CA /* PBXContainerItemProxy */;
		};
		750B79112DBCF0EA00D280CA /* PBXTargetDependency */ = {
			isa = PBXTargetDependency;
			target = 750B78EB2DBCF0E700D280CA /* ImageSwipeNeoSoftUIKit */;
			targetProxy = 750B79102DBCF0EA00D280CA /* PBXContainerItemProxy */;
		};
/* End PBXTargetDependency section */

/* Begin XCBuildConfiguration section */
		750B79192DBCF0EA00D280CA /* Debug */ = {
			isa = XCBuildConfiguration;
			buildSettings = {
				ASSETCATALOG_COMPILER_APPICON_NAME = AppIcon;
				ASSETCATALOG_COMPILER_GLOBAL_ACCENT_COLOR_NAME = AccentColor;
				CODE_SIGN_IDENTITY = "Apple Development";
				CODE_SIGN_STYLE = Automatic;
				CURRENT_PROJECT_VERSION = 1;
				DEVELOPMENT_TEAM = UAQHTZ8555;
				GENERATE_INFOPLIST_FILE = YES;
				INFOPLIST_FILE = ImageSwipeNeoSoftUIKit/Info.plist;
				INFOPLIST_KEY_UIApplicationSupportsIndirectInputEvents = YES;
				INFOPLIST_KEY_UILaunchStoryboardName = LaunchScreen;
				INFOPLIST_KEY_UIMainStoryboardFile = Main;
				INFOPLIST_KEY_UISupportedInterfaceOrientations_iPad = "UIInterfaceOrientationPortrait UIInterfaceOrientationPortraitUpsideDown UIInterfaceOrientationLandscapeLeft UIInterfaceOrientationLandscapeRight";
				INFOPLIST_KEY_UISupportedInterfaceOrientations_iPhone = "UIInterfaceOrientationPortrait UIInterfaceOrientationLandscapeLeft UIInterfaceOrientationLandscapeRight";
				IPHONEOS_DEPLOYMENT_TARGET = 16.6;
				LD_RUNPATH_SEARCH_PATHS = (
					"$(inherited)",
					"@executable_path/Frameworks",
				);
				MARKETING_VERSION = 1.0;
				PRODUCT_BUNDLE_IDENTIFIER = com.Demo.NewsApp.ImageSwipeNeoSoftUIKit;
				PRODUCT_NAME = "$(TARGET_NAME)";
				PROVISIONING_PROFILE_SPECIFIER = "";
				SUPPORTED_PLATFORMS = "iphoneos iphonesimulator";
				SUPPORTS_MACCATALYST = NO;
				SUPPORTS_MAC_DESIGNED_FOR_IPHONE_IPAD = NO;
				SUPPORTS_XR_DESIGNED_FOR_IPHONE_IPAD = NO;
				SWIFT_EMIT_LOC_STRINGS = YES;
				SWIFT_VERSION = 5.0;
				TARGETED_DEVICE_FAMILY = 1;
			};
			name = Debug;
		};
		750B791A2DBCF0EA00D280CA /* Release */ = {
			isa = XCBuildConfiguration;
			buildSettings = {
				ASSETCATALOG_COMPILER_APPICON_NAME = AppIcon;
				ASSETCATALOG_COMPILER_GLOBAL_ACCENT_COLOR_NAME = AccentColor;
				CODE_SIGN_IDENTITY = "Apple Development";
				CODE_SIGN_STYLE = Manual;
				CURRENT_PROJECT_VERSION = 1;
				DEVELOPMENT_TEAM = "";
				GENERATE_INFOPLIST_FILE = YES;
				INFOPLIST_FILE = ImageSwipeNeoSoftUIKit/Info.plist;
				INFOPLIST_KEY_UIApplicationSupportsIndirectInputEvents = YES;
				INFOPLIST_KEY_UILaunchStoryboardName = LaunchScreen;
				INFOPLIST_KEY_UIMainStoryboardFile = Main;
				INFOPLIST_KEY_UISupportedInterfaceOrientations_iPad = "UIInterfaceOrientationPortrait UIInterfaceOrientationPortraitUpsideDown UIInterfaceOrientationLandscapeLeft UIInterfaceOrientationLandscapeRight";
				INFOPLIST_KEY_UISupportedInterfaceOrientations_iPhone = "UIInterfaceOrientationPortrait UIInterfaceOrientationLandscapeLeft UIInterfaceOrientationLandscapeRight";
				IPHONEOS_DEPLOYMENT_TARGET = 16.6;
				LD_RUNPATH_SEARCH_PATHS = (
					"$(inherited)",
					"@executable_path/Frameworks",
				);
				MARKETING_VERSION = 1.0;
				PRODUCT_BUNDLE_IDENTIFIER = com.Demo.NewsApp.ImageSwipeNeoSoftUIKit;
				PRODUCT_NAME = "$(TARGET_NAME)";
				PROVISIONING_PROFILE_SPECIFIER = "";
				SUPPORTED_PLATFORMS = "iphoneos iphonesimulator";
				SUPPORTS_MACCATALYST = NO;
				SUPPORTS_MAC_DESIGNED_FOR_IPHONE_IPAD = NO;
				SUPPORTS_XR_DESIGNED_FOR_IPHONE_IPAD = NO;
				SWIFT_EMIT_LOC_STRINGS = YES;
				SWIFT_VERSION = 5.0;
				TARGETED_DEVICE_FAMILY = 1;
			};
			name = Release;
		};
		750B791B2DBCF0EA00D280CA /* Debug */ = {
			isa = XCBuildConfiguration;
			buildSettings = {
				ALWAYS_SEARCH_USER_PATHS = NO;
				ASSETCATALOG_COMPILER_GENERATE_SWIFT_ASSET_SYMBOL_EXTENSIONS = YES;
				CLANG_ANALYZER_NONNULL = YES;
				CLANG_ANALYZER_NUMBER_OBJECT_CONVERSION = YES_AGGRESSIVE;
				CLANG_CXX_LANGUAGE_STANDARD = "gnu++20";
				CLANG_ENABLE_MODULES = YES;
				CLANG_ENABLE_OBJC_ARC = YES;
				CLANG_ENABLE_OBJC_WEAK = YES;
				CLANG_WARN_BLOCK_CAPTURE_AUTORELEASING = YES;
				CLANG_WARN_BOOL_CONVERSION = YES;
				CLANG_WARN_COMMA = YES;
				CLANG_WARN_CONSTANT_CONVERSION = YES;
				CLANG_WARN_DEPRECATED_OBJC_IMPLEMENTATIONS = YES;
				CLANG_WARN_DIRECT_OBJC_ISA_USAGE = YES_ERROR;
				CLANG_WARN_DOCUMENTATION_COMMENTS = YES;
				CLANG_WARN_EMPTY_BODY = YES;
				CLANG_WARN_ENUM_CONVERSION = YES;
				CLANG_WARN_INFINITE_RECURSION = YES;
				CLANG_WARN_INT_CONVERSION = YES;
				CLANG_WARN_NON_LITERAL_NULL_CONVERSION = YES;
				CLANG_WARN_OBJC_IMPLICIT_RETAIN_SELF = YES;
				CLANG_WARN_OBJC_LITERAL_CONVERSION = YES;
				CLANG_WARN_OBJC_ROOT_CLASS = YES_ERROR;
				CLANG_WARN_QUOTED_INCLUDE_IN_FRAMEWORK_HEADER = YES;
				CLANG_WARN_RANGE_LOOP_ANALYSIS = YES;
				CLANG_WARN_STRICT_PROTOTYPES = YES;
				CLANG_WARN_SUSPICIOUS_MOVE = YES;
				CLANG_WARN_UNGUARDED_AVAILABILITY = YES_AGGRESSIVE;
				CLANG_WARN_UNREACHABLE_CODE = YES;
				CLANG_WARN__DUPLICATE_METHOD_MATCH = YES;
				COPY_PHASE_STRIP = NO;
				DEBUG_INFORMATION_FORMAT = dwarf;
				DEVELOPMENT_TEAM = UAQHTZ8555;
				ENABLE_STRICT_OBJC_MSGSEND = YES;
				ENABLE_TESTABILITY = YES;
				ENABLE_USER_SCRIPT_SANDBOXING = YES;
				GCC_C_LANGUAGE_STANDARD = gnu17;
				GCC_DYNAMIC_NO_PIC = NO;
				GCC_NO_COMMON_BLOCKS = YES;
				GCC_OPTIMIZATION_LEVEL = 0;
				GCC_PREPROCESSOR_DEFINITIONS = (
					"DEBUG=1",
					"$(inherited)",
				);
				GCC_WARN_64_TO_32_BIT_CONVERSION = YES;
				GCC_WARN_ABOUT_RETURN_TYPE = YES_ERROR;
				GCC_WARN_UNDECLARED_SELECTOR = YES;
				GCC_WARN_UNINITIALIZED_AUTOS = YES_AGGRESSIVE;
				GCC_WARN_UNUSED_FUNCTION = YES;
				GCC_WARN_UNUSED_VARIABLE = YES;
				IPHONEOS_DEPLOYMENT_TARGET = 18.4;
				LOCALIZATION_PREFERS_STRING_CATALOGS = YES;
				MTL_ENABLE_DEBUG_INFO = INCLUDE_SOURCE;
				MTL_FAST_MATH = YES;
				ONLY_ACTIVE_ARCH = YES;
				SDKROOT = iphoneos;
				SWIFT_ACTIVE_COMPILATION_CONDITIONS = "DEBUG $(inherited)";
				SWIFT_OPTIMIZATION_LEVEL = "-Onone";
			};
			name = Debug;
		};
		750B791C2DBCF0EA00D280CA /* Release */ = {
			isa = XCBuildConfiguration;
			buildSettings = {
				ALWAYS_SEARCH_USER_PATHS = NO;
				ASSETCATALOG_COMPILER_GENERATE_SWIFT_ASSET_SYMBOL_EXTENSIONS = YES;
				CLANG_ANALYZER_NONNULL = YES;
				CLANG_ANALYZER_NUMBER_OBJECT_CONVERSION = YES_AGGRESSIVE;
				CLANG_CXX_LANGUAGE_STANDARD = "gnu++20";
				CLANG_ENABLE_MODULES = YES;
				CLANG_ENABLE_OBJC_ARC = YES;
				CLANG_ENABLE_OBJC_WEAK = YES;
				CLANG_WARN_BLOCK_CAPTURE_AUTORELEASING = YES;
				CLANG_WARN_BOOL_CONVERSION = YES;
				CLANG_WARN_COMMA = YES;
				CLANG_WARN_CONSTANT_CONVERSION = YES;
				CLANG_WARN_DEPRECATED_OBJC_IMPLEMENTATIONS = YES;
				CLANG_WARN_DIRECT_OBJC_ISA_USAGE = YES_ERROR;
				CLANG_WARN_DOCUMENTATION_COMMENTS = YES;
				CLANG_WARN_EMPTY_BODY = YES;
				CLANG_WARN_ENUM_CONVERSION = YES;
				CLANG_WARN_INFINITE_RECURSION = YES;
				CLANG_WARN_INT_CONVERSION = YES;
				CLANG_WARN_NON_LITERAL_NULL_CONVERSION = YES;
				CLANG_WARN_OBJC_IMPLICIT_RETAIN_SELF = YES;
				CLANG_WARN_OBJC_LITERAL_CONVERSION = YES;
				CLANG_WARN_OBJC_ROOT_CLASS = YES_ERROR;
				CLANG_WARN_QUOTED_INCLUDE_IN_FRAMEWORK_HEADER = YES;
				CLANG_WARN_RANGE_LOOP_ANALYSIS = YES;
				CLANG_WARN_STRICT_PROTOTYPES = YES;
				CLANG_WARN_SUSPICIOUS_MOVE = YES;
				CLANG_WARN_UNGUARDED_AVAILABILITY = YES_AGGRESSIVE;
				CLANG_WARN_UNREACHABLE_CODE = YES;
				CLANG_WARN__DUPLICATE_METHOD_MATCH = YES;
				COPY_PHASE_STRIP = NO;
				DEBUG_INFORMATION_FORMAT = "dwarf-with-dsym";
				DEVELOPMENT_TEAM = UAQHTZ8555;
				ENABLE_NS_ASSERTIONS = NO;
				ENABLE_STRICT_OBJC_MSGSEND = YES;
				ENABLE_USER_SCRIPT_SANDBOXING = YES;
				GCC_C_LANGUAGE_STANDARD = gnu17;
				GCC_NO_COMMON_BLOCKS = YES;
				GCC_WARN_64_TO_32_BIT_CONVERSION = YES;
				GCC_WARN_ABOUT_RETURN_TYPE = YES_ERROR;
				GCC_WARN_UNDECLARED_SELECTOR = YES;
				GCC_WARN_UNINITIALIZED_AUTOS = YES_AGGRESSIVE;
				GCC_WARN_UNUSED_FUNCTION = YES;
				GCC_WARN_UNUSED_VARIABLE = YES;
				IPHONEOS_DEPLOYMENT_TARGET = 18.4;
				LOCALIZATION_PREFERS_STRING_CATALOGS = YES;
				MTL_ENABLE_DEBUG_INFO = NO;
				MTL_FAST_MATH = YES;
				SDKROOT = iphoneos;
				SWIFT_COMPILATION_MODE = wholemodule;
				VALIDATE_PRODUCT = YES;
			};
			name = Release;
		};
		750B791E2DBCF0EA00D280CA /* Debug */ = {
			isa = XCBuildConfiguration;
			buildSettings = {
				BUNDLE_LOADER = "$(TEST_HOST)";
				CODE_SIGN_STYLE = Automatic;
				CURRENT_PROJECT_VERSION = 1;
				DEVELOPMENT_TEAM = UAQHTZ8555;
				GENERATE_INFOPLIST_FILE = YES;
				IPHONEOS_DEPLOYMENT_TARGET = 16.6;
				MARKETING_VERSION = 1.0;
				PRODUCT_BUNDLE_IDENTIFIER = com.Demo.NewsApp.ImageSwipeNeoSoftUIKitTests;
				PRODUCT_NAME = "$(TARGET_NAME)";
				SUPPORTED_PLATFORMS = "iphoneos iphonesimulator";
				SUPPORTS_MACCATALYST = NO;
				SUPPORTS_MAC_DESIGNED_FOR_IPHONE_IPAD = NO;
				SUPPORTS_XR_DESIGNED_FOR_IPHONE_IPAD = NO;
				SWIFT_EMIT_LOC_STRINGS = NO;
				SWIFT_VERSION = 5.0;
				TARGETED_DEVICE_FAMILY = 1;
				TEST_HOST = "$(BUILT_PRODUCTS_DIR)/ImageSwipeNeoSoftUIKit.app/$(BUNDLE_EXECUTABLE_FOLDER_PATH)/ImageSwipeNeoSoftUIKit";
			};
			name = Debug;
		};
		750B791F2DBCF0EA00D280CA /* Release */ = {
			isa = XCBuildConfiguration;
			buildSettings = {
				BUNDLE_LOADER = "$(TEST_HOST)";
				CODE_SIGN_STYLE = Automatic;
				CURRENT_PROJECT_VERSION = 1;
				DEVELOPMENT_TEAM = UAQHTZ8555;
				GENERATE_INFOPLIST_FILE = YES;
				IPHONEOS_DEPLOYMENT_TARGET = 16.6;
				MARKETING_VERSION = 1.0;
				PRODUCT_BUNDLE_IDENTIFIER = com.Demo.NewsApp.ImageSwipeNeoSoftUIKitTests;
				PRODUCT_NAME = "$(TARGET_NAME)";
				SUPPORTED_PLATFORMS = "iphoneos iphonesimulator";
				SUPPORTS_MACCATALYST = NO;
				SUPPORTS_MAC_DESIGNED_FOR_IPHONE_IPAD = NO;
				SUPPORTS_XR_DESIGNED_FOR_IPHONE_IPAD = NO;
				SWIFT_EMIT_LOC_STRINGS = NO;
				SWIFT_VERSION = 5.0;
				TARGETED_DEVICE_FAMILY = 1;
				TEST_HOST = "$(BUILT_PRODUCTS_DIR)/ImageSwipeNeoSoftUIKit.app/$(BUNDLE_EXECUTABLE_FOLDER_PATH)/ImageSwipeNeoSoftUIKit";
			};
			name = Release;
		};
		750B79212DBCF0EA00D280CA /* Debug */ = {
			isa = XCBuildConfiguration;
			buildSettings = {
				CODE_SIGN_IDENTITY = "Apple Development";
				CODE_SIGN_STYLE = Automatic;
				CURRENT_PROJECT_VERSION = 1;
				DEVELOPMENT_TEAM = UAQHTZ8555;
				GENERATE_INFOPLIST_FILE = YES;
				MARKETING_VERSION = 1.0;
				PRODUCT_BUNDLE_IDENTIFIER = com.Demo.NewsApp.ImageSwipeNeoSoftUIKitUITests;
				PRODUCT_NAME = "$(TARGET_NAME)";
				PROVISIONING_PROFILE_SPECIFIER = "";
				SWIFT_EMIT_LOC_STRINGS = NO;
				SWIFT_VERSION = 5.0;
				TARGETED_DEVICE_FAMILY = "1,2";
				TEST_TARGET_NAME = ImageSwipeNeoSoftUIKit;
			};
			name = Debug;
		};
		750B79222DBCF0EA00D280CA /* Release */ = {
			isa = XCBuildConfiguration;
			buildSettings = {
				CODE_SIGN_IDENTITY = "Apple Development";
				CODE_SIGN_STYLE = Automatic;
				CURRENT_PROJECT_VERSION = 1;
				DEVELOPMENT_TEAM = UAQHTZ8555;
				GENERATE_INFOPLIST_FILE = YES;
				MARKETING_VERSION = 1.0;
				PRODUCT_BUNDLE_IDENTIFIER = com.Demo.NewsApp.ImageSwipeNeoSoftUIKitUITests;
				PRODUCT_NAME = "$(TARGET_NAME)";
				PROVISIONING_PROFILE_SPECIFIER = "";
				SWIFT_EMIT_LOC_STRINGS = NO;
				SWIFT_VERSION = 5.0;
				TARGETED_DEVICE_FAMILY = "1,2";
				TEST_TARGET_NAME = ImageSwipeNeoSoftUIKit;
			};
			name = Release;
		};
/* End XCBuildConfiguration section */

/* Begin XCConfigurationList section */
		750B78E72DBCF0E700D280CA /* Build configuration list for PBXProject "ImageSwipeNeoSoftUIKit" */ = {
			isa = XCConfigurationList;
			buildConfigurations = (
				750B791B2DBCF0EA00D280CA /* Debug */,
				750B791C2DBCF0EA00D280CA /* Release */,
			);
			defaultConfigurationIsVisible = 0;
			defaultConfigurationName = Release;
		};
		750B79182DBCF0EA00D280CA /* Build configuration list for PBXNativeTarget "ImageSwipeNeoSoftUIKit" */ = {
			isa = XCConfigurationList;
			buildConfigurations = (
				750B79192DBCF0EA00D280CA /* Debug */,
				750B791A2DBCF0EA00D280CA /* Release */,
			);
			defaultConfigurationIsVisible = 0;
			defaultConfigurationName = Release;
		};
		750B791D2DBCF0EA00D280CA /* Build configuration list for PBXNativeTarget "ImageSwipeNeoSoftUIKitTests" */ = {
			isa = XCConfigurationList;
			buildConfigurations = (
				750B791E2DBCF0EA00D280CA /* Debug */,
				750B791F2DBCF0EA00D280CA /* Release */,
			);
			defaultConfigurationIsVisible = 0;
			defaultConfigurationName = Release;
		};
		750B79202DBCF0EA00D280CA /* Build configuration list for PBXNativeTarget "ImageSwipeNeoSoftUIKitUITests" */ = {
			isa = XCConfigurationList;
			buildConfigurations = (
				750B79212DBCF0EA00D280CA /* Debug */,
				750B79222DBCF0EA00D280CA /* Release */,
			);
			defaultConfigurationIsVisible = 0;
			defaultConfigurationName = Release;
		};
/* End XCConfigurationList section */
	};
	rootObject = 750B78E42DBCF0E700D280CA /* Project object */;
}
